
Microsoft Visual Studio Solution File, Format Version 12.00
# Visual Studio Version 17
VisualStudioVersion = 17.7.34031.279
MinimumVisualStudioVersion = 10.0.40219.1
Project("{FAE04EC0-301F-11D3-BF4B-00C04F79EFBC}") = "c#", "c#\c#.csproj", "{7CBE2950-9076-47CA-86CC-7D23BC7CFC40}"
EndProject
Global
	GlobalSection(SolutionConfigurationPlatforms) = preSolution
		Debug|Any CPU = Debug|Any CPU
		Release|Any CPU = Release|Any CPU
	EndGlobalSection
	GlobalSection(ProjectConfigurationPlatforms) = postSolution
		{7CBE2950-9076-47CA-86CC-7D23BC7CFC40}.Debug|Any CPU.ActiveCfg = Debug|Any CPU
		{7CBE2950-9076-47CA-86CC-7D23BC7CFC40}.Debug|Any CPU.Build.0 = Debug|Any CPU
		{7CBE2950-9076-47CA-86CC-7D23BC7CFC40}.Release|Any CPU.ActiveCfg = Release|Any CPU
		{7CBE2950-9076-47CA-86CC-7D23BC7CFC40}.Release|Any CPU.Build.0 = Release|Any CPU
	EndGlobalSection
	GlobalSection(SolutionProperties) = preSolution
		HideSolutionNode = FALSE
	EndGlobalSection
	GlobalSection(ExtensibilityGlobals) = postSolution
		SolutionGuid = {F6E2F86D-FBF2-4FE5-9ED2-60D3F6989FE0}
	EndGlobalSection
EndGlobal
